
Microsoft Visual Studio Solution File, Format Version 12.00
# Visual Studio Version 16
VisualStudioVersion = 16.0.28803.202
MinimumVisualStudioVersion = 10.0.40219.1
Project("{FAE04EC0-301F-11D3-BF4B-00C04F79EFBC}") = "PDF_Merge_Convert", "PDF_Merge_Convert\PDF_Merge_Convert.csproj", "{3537A3E4-CBEE-4AC2-B2DD-F4EF63C5CC6C}"
EndProject
Global
	GlobalSection(SolutionConfigurationPlatforms) = preSolution
		Debug|Any CPU = Debug|Any CPU
		Release|Any CPU = Release|Any CPU
	EndGlobalSection
	GlobalSection(ProjectConfigurationPlatforms) = postSolution
		{3537A3E4-CBEE-4AC2-B2DD-F4EF63C5CC6C}.Debug|Any CPU.ActiveCfg = Debug|Any CPU
		{3537A3E4-CBEE-4AC2-B2DD-F4EF63C5CC6C}.Debug|Any CPU.Build.0 = Debug|Any CPU
		{3537A3E4-CBEE-4AC2-B2DD-F4EF63C5CC6C}.Release|Any CPU.ActiveCfg = Release|Any CPU
		{3537A3E4-CBEE-4AC2-B2DD-F4EF63C5CC6C}.Release|Any CPU.Build.0 = Release|Any CPU
	EndGlobalSection
	GlobalSection(SolutionProperties) = preSolution
		HideSolutionNode = FALSE
	EndGlobalSection
	GlobalSection(ExtensibilityGlobals) = postSolution
		SolutionGuid = {7D67C344-756D-469A-927A-90D0E70F415F}
	EndGlobalSection
EndGlobal
